
Microsoft Visual Studio Solution File, Format Version 12.00
# Visual Studio Version 16
VisualStudioVersion = 16.0.29613.14
MinimumVisualStudioVersion = 10.0.40219.1
Project("{FAE04EC0-301F-11D3-BF4B-00C04F79EFBC}") = "Calculator", "Calculator\Calculator.csproj", "{04B251EA-981E-492D-9759-C480020E6189}"
EndProject
Project("{FAE04EC0-301F-11D3-BF4B-00C04F79EFBC}") = "MathLibrary", "MathLibrary\MathLibrary.csproj", "{4D337484-C4E6-4C3A-B296-61CF15B8ED9D}"
EndProject
Global
	GlobalSection(SolutionConfigurationPlatforms) = preSolution
		Debug|Any CPU = Debug|Any CPU
		Release|Any CPU = Release|Any CPU
	EndGlobalSection
	GlobalSection(ProjectConfigurationPlatforms) = postSolution
		{04B251EA-981E-492D-9759-C480020E6189}.Debug|Any CPU.ActiveCfg = Debug|Any CPU
		{04B251EA-981E-492D-9759-C480020E6189}.Debug|Any CPU.Build.0 = Debug|Any CPU
		{04B251EA-981E-492D-9759-C480020E6189}.Release|Any CPU.ActiveCfg = Release|Any CPU
		{04B251EA-981E-492D-9759-C480020E6189}.Release|Any CPU.Build.0 = Release|Any CPU
		{4D337484-C4E6-4C3A-B296-61CF15B8ED9D}.Debug|Any CPU.ActiveCfg = Debug|Any CPU
		{4D337484-C4E6-4C3A-B296-61CF15B8ED9D}.Debug|Any CPU.Build.0 = Debug|Any CPU
		{4D337484-C4E6-4C3A-B296-61CF15B8ED9D}.Release|Any CPU.ActiveCfg = Release|Any CPU
		{4D337484-C4E6-4C3A-B296-61CF15B8ED9D}.Release|Any CPU.Build.0 = Release|Any CPU
	EndGlobalSection
	GlobalSection(SolutionProperties) = preSolution
		HideSolutionNode = FALSE
	EndGlobalSection
	GlobalSection(ExtensibilityGlobals) = postSolution
		SolutionGuid = {D003E363-650E-40D5-AFB5-E8238ECB539F}
	EndGlobalSection
EndGlobal
